
Microsoft Visual Studio Solution File, Format Version 12.00
# Visual Studio Version 17
VisualStudioVersion = 17.0.31903.59
MinimumVisualStudioVersion = 10.0.40219.1
Project("{FAE04EC0-301F-11D3-BF4B-00C04F79EFBC}") = "ResumeAnalyzer.Api", "ResumeAnalyzer.Api\ResumeAnalyzer.Api.csproj", "{D5829E17-65D3-41D9-9C31-99BFF52A102A}"
EndProject
Project("{FAE04EC0-301F-11D3-BF4B-00C04F79EFBC}") = "ResumeAnalyzer.Client", "ResumeAnalyzer.Client\ResumeAnalyzer.Client.csproj", "{4D76A4B5-2188-46C4-AE2E-2173F5E44547}"
EndProject
Project("{FAE04EC0-301F-11D3-BF4B-00C04F79EFBC}") = "ResumeAnalyzer.Shared", "ResumeAnalyzer.Shared\ResumeAnalyzer.Shared.csproj", "{8681156F-D22A-4C4F-B80A-7BDC5AB7E363}"
EndProject
Global
	GlobalSection(SolutionConfigurationPlatforms) = preSolution
		Debug|Any CPU = Debug|Any CPU
		Release|Any CPU = Release|Any CPU
	EndGlobalSection
	GlobalSection(SolutionProperties) = preSolution
		HideSolutionNode = FALSE
	EndGlobalSection
	GlobalSection(ProjectConfigurationPlatforms) = postSolution
		{D5829E17-65D3-41D9-9C31-99BFF52A102A}.Debug|Any CPU.ActiveCfg = Debug|Any CPU
		{D5829E17-65D3-41D9-9C31-99BFF52A102A}.Debug|Any CPU.Build.0 = Debug|Any CPU
		{D5829E17-65D3-41D9-9C31-99BFF52A102A}.Release|Any CPU.ActiveCfg = Release|Any CPU
		{D5829E17-65D3-41D9-9C31-99BFF52A102A}.Release|Any CPU.Build.0 = Release|Any CPU
		{4D76A4B5-2188-46C4-AE2E-2173F5E44547}.Debug|Any CPU.ActiveCfg = Debug|Any CPU
		{4D76A4B5-2188-46C4-AE2E-2173F5E44547}.Debug|Any CPU.Build.0 = Debug|Any CPU
		{4D76A4B5-2188-46C4-AE2E-2173F5E44547}.Release|Any CPU.ActiveCfg = Release|Any CPU
		{4D76A4B5-2188-46C4-AE2E-2173F5E44547}.Release|Any CPU.Build.0 = Release|Any CPU
		{8681156F-D22A-4C4F-B80A-7BDC5AB7E363}.Debug|Any CPU.ActiveCfg = Debug|Any CPU
		{8681156F-D22A-4C4F-B80A-7BDC5AB7E363}.Debug|Any CPU.Build.0 = Debug|Any CPU
		{8681156F-D22A-4C4F-B80A-7BDC5AB7E363}.Release|Any CPU.ActiveCfg = Release|Any CPU
		{8681156F-D22A-4C4F-B80A-7BDC5AB7E363}.Release|Any CPU.Build.0 = Release|Any CPU
	EndGlobalSection
EndGlobal
